
Microsoft Visual Studio Solution File, Format Version 12.00
# Visual Studio Version 17
VisualStudioVersion = 17.1.32328.378
MinimumVisualStudioVersion = 10.0.40219.1
Project("{FAE04EC0-301F-11D3-BF4B-00C04F79EFBC}") = "AccountClassSolution", "AccountClassSolution\AccountClassSolution.csproj", "{4B3215C5-44E6-4FA2-A0D8-3DE631B9510F}"
EndProject
Global
	GlobalSection(SolutionConfigurationPlatforms) = preSolution
		Debug|Any CPU = Debug|Any CPU
		Release|Any CPU = Release|Any CPU
	EndGlobalSection
	GlobalSection(ProjectConfigurationPlatforms) = postSolution
		{4B3215C5-44E6-4FA2-A0D8-3DE631B9510F}.Debug|Any CPU.ActiveCfg = Debug|Any CPU
		{4B3215C5-44E6-4FA2-A0D8-3DE631B9510F}.Debug|Any CPU.Build.0 = Debug|Any CPU
		{4B3215C5-44E6-4FA2-A0D8-3DE631B9510F}.Release|Any CPU.ActiveCfg = Release|Any CPU
		{4B3215C5-44E6-4FA2-A0D8-3DE631B9510F}.Release|Any CPU.Build.0 = Release|Any CPU
	EndGlobalSection
	GlobalSection(SolutionProperties) = preSolution
		HideSolutionNode = FALSE
	EndGlobalSection
	GlobalSection(ExtensibilityGlobals) = postSolution
		SolutionGuid = {C81A64A3-AAFE-44C7-A852-064BA39C1E1D}
	EndGlobalSection
EndGlobal
