
Microsoft Visual Studio Solution File, Format Version 12.00
# Visual Studio Version 17
VisualStudioVersion = 17.1.32328.378
MinimumVisualStudioVersion = 10.0.40219.1
Project("{FAE04EC0-301F-11D3-BF4B-00C04F79EFBC}") = "ExchangeApp", "ExchangeApp\ExchangeApp.csproj", "{0B994379-C11D-44F9-A468-7AC5AA344349}"
EndProject
Global
	GlobalSection(SolutionConfigurationPlatforms) = preSolution
		Debug|Any CPU = Debug|Any CPU
		Release|Any CPU = Release|Any CPU
	EndGlobalSection
	GlobalSection(ProjectConfigurationPlatforms) = postSolution
		{0B994379-C11D-44F9-A468-7AC5AA344349}.Debug|Any CPU.ActiveCfg = Debug|Any CPU
		{0B994379-C11D-44F9-A468-7AC5AA344349}.Debug|Any CPU.Build.0 = Debug|Any CPU
		{0B994379-C11D-44F9-A468-7AC5AA344349}.Release|Any CPU.ActiveCfg = Release|Any CPU
		{0B994379-C11D-44F9-A468-7AC5AA344349}.Release|Any CPU.Build.0 = Release|Any CPU
	EndGlobalSection
	GlobalSection(SolutionProperties) = preSolution
		HideSolutionNode = FALSE
	EndGlobalSection
	GlobalSection(ExtensibilityGlobals) = postSolution
		SolutionGuid = {B978DD7B-3F90-4B9E-AFA3-EF0862B7C4CC}
	EndGlobalSection
EndGlobal
