
Microsoft Visual Studio Solution File, Format Version 12.00
# Visual Studio Version 17
VisualStudioVersion = 17.1.32328.378
MinimumVisualStudioVersion = 10.0.40219.1
Project("{FAE04EC0-301F-11D3-BF4B-00C04F79EFBC}") = "task1", "mentorsTasks\task1.csproj", "{53ED7145-9314-4F09-A2C4-801CFD19A2E5}"
EndProject
Project("{FAE04EC0-301F-11D3-BF4B-00C04F79EFBC}") = "task2", "task2\task2.csproj", "{F4A8D88E-DA63-4E54-B4B8-3F341006B952}"
EndProject
Global
	GlobalSection(SolutionConfigurationPlatforms) = preSolution
		Debug|Any CPU = Debug|Any CPU
		Release|Any CPU = Release|Any CPU
	EndGlobalSection
	GlobalSection(ProjectConfigurationPlatforms) = postSolution
		{53ED7145-9314-4F09-A2C4-801CFD19A2E5}.Debug|Any CPU.ActiveCfg = Debug|Any CPU
		{53ED7145-9314-4F09-A2C4-801CFD19A2E5}.Debug|Any CPU.Build.0 = Debug|Any CPU
		{53ED7145-9314-4F09-A2C4-801CFD19A2E5}.Release|Any CPU.ActiveCfg = Release|Any CPU
		{53ED7145-9314-4F09-A2C4-801CFD19A2E5}.Release|Any CPU.Build.0 = Release|Any CPU
		{F4A8D88E-DA63-4E54-B4B8-3F341006B952}.Debug|Any CPU.ActiveCfg = Debug|Any CPU
		{F4A8D88E-DA63-4E54-B4B8-3F341006B952}.Debug|Any CPU.Build.0 = Debug|Any CPU
		{F4A8D88E-DA63-4E54-B4B8-3F341006B952}.Release|Any CPU.ActiveCfg = Release|Any CPU
		{F4A8D88E-DA63-4E54-B4B8-3F341006B952}.Release|Any CPU.Build.0 = Release|Any CPU
	EndGlobalSection
	GlobalSection(SolutionProperties) = preSolution
		HideSolutionNode = FALSE
	EndGlobalSection
	GlobalSection(ExtensibilityGlobals) = postSolution
		SolutionGuid = {AD2E91E8-C7E3-40A2-8428-30C7E6CC76C2}
	EndGlobalSection
EndGlobal
