
Microsoft Visual Studio Solution File, Format Version 12.00
# Visual Studio Version 17
VisualStudioVersion = 17.1.32328.378
MinimumVisualStudioVersion = 10.0.40219.1
Project("{FAE04EC0-301F-11D3-BF4B-00C04F79EFBC}") = "task_5_Class_and_ArrayList", "task_5_Class_and_ArrayList\task_5_Class_and_ArrayList.csproj", "{72845299-E1F0-43B3-9EFF-49B3DC1E99EC}"
EndProject
Global
	GlobalSection(SolutionConfigurationPlatforms) = preSolution
		Debug|Any CPU = Debug|Any CPU
		Release|Any CPU = Release|Any CPU
	EndGlobalSection
	GlobalSection(ProjectConfigurationPlatforms) = postSolution
		{72845299-E1F0-43B3-9EFF-49B3DC1E99EC}.Debug|Any CPU.ActiveCfg = Debug|Any CPU
		{72845299-E1F0-43B3-9EFF-49B3DC1E99EC}.Debug|Any CPU.Build.0 = Debug|Any CPU
		{72845299-E1F0-43B3-9EFF-49B3DC1E99EC}.Release|Any CPU.ActiveCfg = Release|Any CPU
		{72845299-E1F0-43B3-9EFF-49B3DC1E99EC}.Release|Any CPU.Build.0 = Release|Any CPU
	EndGlobalSection
	GlobalSection(SolutionProperties) = preSolution
		HideSolutionNode = FALSE
	EndGlobalSection
	GlobalSection(ExtensibilityGlobals) = postSolution
		SolutionGuid = {CB46A385-6490-43AD-ADC3-F693FF2CE51F}
	EndGlobalSection
EndGlobal
